
Microsoft Visual Studio Solution File, Format Version 12.00
# Visual Studio Version 16
VisualStudioVersion = 16.0.30406.217
MinimumVisualStudioVersion = 10.0.40219.1
Project("{FAE04EC0-301F-11D3-BF4B-00C04F79EFBC}") = "WeldAttributes", "WeldAttributes\WeldAttributes.csproj", "{E26324B5-D4C0-4258-AB88-1B8A8805686C}"
EndProject
Global
	GlobalSection(SolutionConfigurationPlatforms) = preSolution
		Debug|Any CPU = Debug|Any CPU
		Release|Any CPU = Release|Any CPU
	EndGlobalSection
	GlobalSection(ProjectConfigurationPlatforms) = postSolution
		{E26324B5-D4C0-4258-AB88-1B8A8805686C}.Debug|Any CPU.ActiveCfg = Debug|Any CPU
		{E26324B5-D4C0-4258-AB88-1B8A8805686C}.Debug|Any CPU.Build.0 = Debug|Any CPU
		{E26324B5-D4C0-4258-AB88-1B8A8805686C}.Release|Any CPU.ActiveCfg = Release|Any CPU
		{E26324B5-D4C0-4258-AB88-1B8A8805686C}.Release|Any CPU.Build.0 = Release|Any CPU
	EndGlobalSection
	GlobalSection(SolutionProperties) = preSolution
		HideSolutionNode = FALSE
	EndGlobalSection
	GlobalSection(ExtensibilityGlobals) = postSolution
		SolutionGuid = {A5469B5C-E277-40FB-99FA-2F17EB6025A9}
	EndGlobalSection
EndGlobal
